
Microsoft Visual Studio Solution File, Format Version 12.00
# Visual Studio Version 16
VisualStudioVersion = 16.0.30717.126
MinimumVisualStudioVersion = 10.0.40219.1
Project("{8BC9CEB8-8B4A-11D0-8D11-00A0C91BC942}") = "compile", "compile.vcxproj", "{625B1B40-92C9-4E26-87CF-79EED1499750}"
EndProject
Global
	GlobalSection(SolutionConfigurationPlatforms) = preSolution
		Debug|x64 = Debug|x64
		Debug|x86 = Debug|x86
		Release|x64 = Release|x64
		Release|x86 = Release|x86
	EndGlobalSection
	GlobalSection(ProjectConfigurationPlatforms) = postSolution
		{625B1B40-92C9-4E26-87CF-79EED1499750}.Debug|x64.ActiveCfg = Debug|x64
		{625B1B40-92C9-4E26-87CF-79EED1499750}.Debug|x64.Build.0 = Debug|x64
		{625B1B40-92C9-4E26-87CF-79EED1499750}.Debug|x86.ActiveCfg = Debug|Win32
		{625B1B40-92C9-4E26-87CF-79EED1499750}.Debug|x86.Build.0 = Debug|Win32
		{625B1B40-92C9-4E26-87CF-79EED1499750}.Release|x64.ActiveCfg = Release|x64
		{625B1B40-92C9-4E26-87CF-79EED1499750}.Release|x64.Build.0 = Release|x64
		{625B1B40-92C9-4E26-87CF-79EED1499750}.Release|x86.ActiveCfg = Release|Win32
		{625B1B40-92C9-4E26-87CF-79EED1499750}.Release|x86.Build.0 = Release|Win32
	EndGlobalSection
	GlobalSection(SolutionProperties) = preSolution
		HideSolutionNode = FALSE
	EndGlobalSection
	GlobalSection(ExtensibilityGlobals) = postSolution
		SolutionGuid = {546CA68B-837E-46D5-A60B-4195D3EE4C81}
	EndGlobalSection
EndGlobal
